
Microsoft Visual Studio Solution File, Format Version 12.00
# Visual Studio Version 17
VisualStudioVersion = 17.14.36616.10 d17.14
MinimumVisualStudioVersion = 10.0.40219.1
Project("{FAE04EC0-301F-11D3-BF4B-00C04F79EFBC}") = "AssignmentSession02Advanced", "AssignmentSession02Advanced\AssignmentSession02Advanced.csproj", "{65527C77-5071-4D7F-A756-169F5DB6499D}"
EndProject
Global
	GlobalSection(SolutionConfigurationPlatforms) = preSolution
		Debug|Any CPU = Debug|Any CPU
		Release|Any CPU = Release|Any CPU
	EndGlobalSection
	GlobalSection(ProjectConfigurationPlatforms) = postSolution
		{65527C77-5071-4D7F-A756-169F5DB6499D}.Debug|Any CPU.ActiveCfg = Debug|Any CPU
		{65527C77-5071-4D7F-A756-169F5DB6499D}.Debug|Any CPU.Build.0 = Debug|Any CPU
		{65527C77-5071-4D7F-A756-169F5DB6499D}.Release|Any CPU.ActiveCfg = Release|Any CPU
		{65527C77-5071-4D7F-A756-169F5DB6499D}.Release|Any CPU.Build.0 = Release|Any CPU
	EndGlobalSection
	GlobalSection(SolutionProperties) = preSolution
		HideSolutionNode = FALSE
	EndGlobalSection
	GlobalSection(ExtensibilityGlobals) = postSolution
		SolutionGuid = {672FDD74-8F00-4EF6-8F09-F0418B4A2655}
	EndGlobalSection
EndGlobal
